
Microsoft Visual Studio Solution File, Format Version 12.00
# Visual Studio 15
VisualStudioVersion = 15.0.27004.2008
MinimumVisualStudioVersion = 10.0.40219.1
Project("{FAE04EC0-301F-11D3-BF4B-00C04F79EFBC}") = "WpfBluetoothSample", "WpfBluetoothSample\WpfBluetoothSample.csproj", "{EF09180B-FDEE-42AB-A7E4-A7B409E04E13}"
EndProject
Global
	GlobalSection(SolutionConfigurationPlatforms) = preSolution
		Debug|Any CPU = Debug|Any CPU
		Release|Any CPU = Release|Any CPU
	EndGlobalSection
	GlobalSection(ProjectConfigurationPlatforms) = postSolution
		{EF09180B-FDEE-42AB-A7E4-A7B409E04E13}.Debug|Any CPU.ActiveCfg = Debug|Any CPU
		{EF09180B-FDEE-42AB-A7E4-A7B409E04E13}.Debug|Any CPU.Build.0 = Debug|Any CPU
		{EF09180B-FDEE-42AB-A7E4-A7B409E04E13}.Release|Any CPU.ActiveCfg = Release|Any CPU
		{EF09180B-FDEE-42AB-A7E4-A7B409E04E13}.Release|Any CPU.Build.0 = Release|Any CPU
	EndGlobalSection
	GlobalSection(SolutionProperties) = preSolution
		HideSolutionNode = FALSE
	EndGlobalSection
	GlobalSection(ExtensibilityGlobals) = postSolution
		SolutionGuid = {CE8AB67F-7652-46F7-88BE-FD355F1F8C66}
	EndGlobalSection
EndGlobal
